Microsoft Visual Studio Solution File, Format Version 12.00
# Visual Studio Version 17
VisualStudioVersion = 17.4.33110.190
MinimumVisualStudioVersion = 10.0.40219.1
Project("{FAE04EC0-301F-11D3-BF4B-00C04F79EFBC}") = "HunterbornExtender", "HunterbornExtender\HunterbornExtender.csproj", "{FA0FE120-90A5-47F3-A18C-59233E417844}"
EndProject
Global
	GlobalSection(SolutionConfigurationPlatforms) = preSolution
		Debug|Any CPU = Debug|Any CPU
		Release|Any CPU = Release|Any CPU
	EndGlobalSection
	GlobalSection(ProjectConfigurationPlatforms) = postSolution
		{FA0FE120-90A5-47F3-A18C-59233E417844}.Debug|Any CPU.ActiveCfg = Debug|Any CPU
		{FA0FE120-90A5-47F3-A18C-59233E417844}.Debug|Any CPU.Build.0 = Debug|Any CPU
		{FA0FE120-90A5-47F3-A18C-59233E417844}.Release|Any CPU.ActiveCfg = Release|Any CPU
		{FA0FE120-90A5-47F3-A18C-59233E417844}.Release|Any CPU.Build.0 = Release|Any CPU
	EndGlobalSection
	GlobalSection(SolutionProperties) = preSolution
		HideSolutionNode = FALSE
	EndGlobalSection
	GlobalSection(ExtensibilityGlobals) = postSolution
		SolutionGuid = {C75234FA-1EF6-43FF-87AA-419D0535D905}
	EndGlobalSection
EndGlobal
